
Microsoft Visual Studio Solution File, Format Version 12.00
# Visual Studio Version 17
VisualStudioVersion = 17.11.35312.102
MinimumVisualStudioVersion = 10.0.40219.1
Project("{FAE04EC0-301F-11D3-BF4B-00C04F79EFBC}") = "TaskManager", "TaskManager.csproj", "{20E6EE99-325F-410F-A584-3B13BF5EF104}"
EndProject
Global
	GlobalSection(SolutionConfigurationPlatforms) = preSolution
		Debug|Any CPU = Debug|Any CPU
		Release|Any CPU = Release|Any CPU
	EndGlobalSection
	GlobalSection(ProjectConfigurationPlatforms) = postSolution
		{20E6EE99-325F-410F-A584-3B13BF5EF104}.Debug|Any CPU.ActiveCfg = Debug|Any CPU
		{20E6EE99-325F-410F-A584-3B13BF5EF104}.Debug|Any CPU.Build.0 = Debug|Any CPU
		{20E6EE99-325F-410F-A584-3B13BF5EF104}.Release|Any CPU.ActiveCfg = Release|Any CPU
		{20E6EE99-325F-410F-A584-3B13BF5EF104}.Release|Any CPU.Build.0 = Release|Any CPU
	EndGlobalSection
	GlobalSection(SolutionProperties) = preSolution
		HideSolutionNode = FALSE
	EndGlobalSection
	GlobalSection(ExtensibilityGlobals) = postSolution
		SolutionGuid = {956F7A75-D758-4043-9ABF-447918FEF52D}
	EndGlobalSection
EndGlobal
